
Microsoft Visual Studio Solution File, Format Version 12.00
# Visual Studio Version 17
VisualStudioVersion = 17.14.36511.14
MinimumVisualStudioVersion = 10.0.40219.1
Project("{2150E333-8FDC-42A3-9474-1A3956D46DE8}") = "Task0", "Task0", "{02EA681E-C7D8-13C7-8484-4AC65E1B71E8}"
EndProject
Project("{FAE04EC0-301F-11D3-BF4B-00C04F79EFBC}") = "Tyuiu.ChepragaDM.Sprint3.Task0.V14", "Tyuiu.ChepragaDM.Sprint3.Task0.V14\Tyuiu.ChepragaDM.Sprint3.Task0.V14.csproj", "{348C416B-3CB1-4E3A-BE54-7D0CB00875DD}"
EndProject
Project("{FAE04EC0-301F-11D3-BF4B-00C04F79EFBC}") = "Tyuiu.ChepragaDM.Sprint3.Task0.V14.Test", "Tyuiu.ChepragaDM.Sprint3.Task0.V14.Test\Tyuiu.ChepragaDM.Sprint3.Task0.V14.Test.csproj", "{BE408E29-B5DA-41B9-9973-D440CCBEB95B}"
EndProject
Project("{FAE04EC0-301F-11D3-BF4B-00C04F79EFBC}") = "Tyuiu.ChepragaDM.Sprint3.Task0.V14.Lib", "Tyuiu.ChepragaDM.Sprint3.Task0.V14.Lib\Tyuiu.ChepragaDM.Sprint3.Task0.V14.Lib.csproj", "{9A9FB48F-96A0-42AB-AF0C-E55CBCA7CFF2}"
EndProject
Project("{2150E333-8FDC-42A3-9474-1A3956D46DE8}") = "Task1", "Task1", "{FDCB6093-7BCF-4EA6-9996-A8897EDCB407}"
EndProject
Project("{FAE04EC0-301F-11D3-BF4B-00C04F79EFBC}") = "Tyuiu.ChepragaDM.Sprint3.Task1.V4.Lib", "Tyuiu.ChepragaDM.Sprint3.Task1.V4.Lib\Tyuiu.ChepragaDM.Sprint3.Task1.V4.Lib.csproj", "{72618827-D6EE-448E-BED0-A3C9C7EA74EA}"
EndProject
Project("{FAE04EC0-301F-11D3-BF4B-00C04F79EFBC}") = "Tyuiu.ChepragaDM.Sprint3.Task1.V4", "Tyuiu.ChepragaDM.Sprint3.Task1.V4\Tyuiu.ChepragaDM.Sprint3.Task1.V4.csproj", "{41218FFA-5A6A-4008-A8F7-CC21AC64F321}"
EndProject
Project("{FAE04EC0-301F-11D3-BF4B-00C04F79EFBC}") = "Tyuiu.ChepragaDM.Sprint3.Task1.V4.Test", "Tyuiu.ChepragaDM.Sprint3.Task1.V4.Test\Tyuiu.ChepragaDM.Sprint3.Task1.V4.Test.csproj", "{A8849AD8-4AF6-41E5-B82E-A1C7CA852094}"
EndProject
Project("{2150E333-8FDC-42A3-9474-1A3956D46DE8}") = "Task2", "Task2", "{6E34C128-885B-4A61-A7F6-87519DFA761B}"
EndProject
Project("{FAE04EC0-301F-11D3-BF4B-00C04F79EFBC}") = "Tyuiu.ChepragaDM.Sprint3.Task2.V8", "Tyuiu.ChepragaDM.Sprint3.Task2.V8\Tyuiu.ChepragaDM.Sprint3.Task2.V8.csproj", "{1AD9020C-146B-42D1-8BBB-C35A979E0188}"
EndProject
Project("{FAE04EC0-301F-11D3-BF4B-00C04F79EFBC}") = "Tyuiu.ChepragaDM.Sprint3.Task2.V8.Test", "Tyuiu.ChepragaDM.Sprint3.Task2.V8.Test\Tyuiu.ChepragaDM.Sprint3.Task2.V8.Test.csproj", "{BC9BF8A2-E754-48B5-915A-804DAEBBDA21}"
EndProject
Project("{FAE04EC0-301F-11D3-BF4B-00C04F79EFBC}") = "Tyuiu.ChepragaDM.Sprint3.Task2.V8.Lib", "Tyuiu.ChepragaDM.Sprint3.Task2.V8.Lib\Tyuiu.ChepragaDM.Sprint3.Task2.V8.Lib.csproj", "{590B707D-5304-4C46-ABFC-E85CBFBF552C}"
EndProject
Project("{2150E333-8FDC-42A3-9474-1A3956D46DE8}") = "Task3", "Task3", "{06EA58DF-8CED-45DC-81B9-7925A25959AC}"
EndProject
Project("{FAE04EC0-301F-11D3-BF4B-00C04F79EFBC}") = "Tyuiu.ChepragaDM.Sprint3.Task3.V30.Lib", "Tyuiu.ChepragaDM.Sprint3.Task3.V30.Lib\Tyuiu.ChepragaDM.Sprint3.Task3.V30.Lib.csproj", "{A3189452-D34D-4636-B0D9-129A8A9510DC}"
EndProject
Project("{FAE04EC0-301F-11D3-BF4B-00C04F79EFBC}") = "Tyuiu.ChepragaDM.Sprint3.Task3.V30", "Tyuiu.ChepragaDM.Sprint3.Task3.V30\Tyuiu.ChepragaDM.Sprint3.Task3.V30.csproj", "{CAB3DE00-F34A-487A-83BB-A2365FEFF04A}"
EndProject
Project("{FAE04EC0-301F-11D3-BF4B-00C04F79EFBC}") = "Tyuiu.ChepragaDM.Sprint3.Task3.V30.Test", "Tyuiu.ChepragaDM.Sprint3.Task3.V30.Test\Tyuiu.ChepragaDM.Sprint3.Task3.V30.Test.csproj", "{A78AEBEF-3EFB-47DC-A34B-BF94EAD54924}"
EndProject
Global
	GlobalSection(SolutionConfigurationPlatforms) = preSolution
		Debug|Any CPU = Debug|Any CPU
		Release|Any CPU = Release|Any CPU
	EndGlobalSection
	GlobalSection(ProjectConfigurationPlatforms) = postSolution
		{348C416B-3CB1-4E3A-BE54-7D0CB00875DD}.Debug|Any CPU.ActiveCfg = Debug|Any CPU
		{348C416B-3CB1-4E3A-BE54-7D0CB00875DD}.Debug|Any CPU.Build.0 = Debug|Any CPU
		{348C416B-3CB1-4E3A-BE54-7D0CB00875DD}.Release|Any CPU.ActiveCfg = Release|Any CPU
		{348C416B-3CB1-4E3A-BE54-7D0CB00875DD}.Release|Any CPU.Build.0 = Release|Any CPU
		{BE408E29-B5DA-41B9-9973-D440CCBEB95B}.Debug|Any CPU.ActiveCfg = Debug|Any CPU
		{BE408E29-B5DA-41B9-9973-D440CCBEB95B}.Debug|Any CPU.Build.0 = Debug|Any CPU
		{BE408E29-B5DA-41B9-9973-D440CCBEB95B}.Release|Any CPU.ActiveCfg = Release|Any CPU
		{BE408E29-B5DA-41B9-9973-D440CCBEB95B}.Release|Any CPU.Build.0 = Release|Any CPU
		{9A9FB48F-96A0-42AB-AF0C-E55CBCA7CFF2}.Debug|Any CPU.ActiveCfg = Debug|Any CPU
		{9A9FB48F-96A0-42AB-AF0C-E55CBCA7CFF2}.Debug|Any CPU.Build.0 = Debug|Any CPU
		{9A9FB48F-96A0-42AB-AF0C-E55CBCA7CFF2}.Release|Any CPU.ActiveCfg = Release|Any CPU
		{9A9FB48F-96A0-42AB-AF0C-E55CBCA7CFF2}.Release|Any CPU.Build.0 = Release|Any CPU
		{72618827-D6EE-448E-BED0-A3C9C7EA74EA}.Debug|Any CPU.ActiveCfg = Debug|Any CPU
		{72618827-D6EE-448E-BED0-A3C9C7EA74EA}.Debug|Any CPU.Build.0 = Debug|Any CPU
		{72618827-D6EE-448E-BED0-A3C9C7EA74EA}.Release|Any CPU.ActiveCfg = Release|Any CPU
		{72618827-D6EE-448E-BED0-A3C9C7EA74EA}.Release|Any CPU.Build.0 = Release|Any CPU
		{41218FFA-5A6A-4008-A8F7-CC21AC64F321}.Debug|Any CPU.ActiveCfg = Debug|Any CPU
		{41218FFA-5A6A-4008-A8F7-CC21AC64F321}.Debug|Any CPU.Build.0 = Debug|Any CPU
		{41218FFA-5A6A-4008-A8F7-CC21AC64F321}.Release|Any CPU.ActiveCfg = Release|Any CPU
		{41218FFA-5A6A-4008-A8F7-CC21AC64F321}.Release|Any CPU.Build.0 = Release|Any CPU
		{A8849AD8-4AF6-41E5-B82E-A1C7CA852094}.Debug|Any CPU.ActiveCfg = Debug|Any CPU
		{A8849AD8-4AF6-41E5-B82E-A1C7CA852094}.Debug|Any CPU.Build.0 = Debug|Any CPU
		{A8849AD8-4AF6-41E5-B82E-A1C7CA852094}.Release|Any CPU.ActiveCfg = Release|Any CPU
		{A8849AD8-4AF6-41E5-B82E-A1C7CA852094}.Release|Any CPU.Build.0 = Release|Any CPU
		{1AD9020C-146B-42D1-8BBB-C35A979E0188}.Debug|Any CPU.ActiveCfg = Debug|Any CPU
		{1AD9020C-146B-42D1-8BBB-C35A979E0188}.Debug|Any CPU.Build.0 = Debug|Any CPU
		{1AD9020C-146B-42D1-8BBB-C35A979E0188}.Release|Any CPU.ActiveCfg = Release|Any CPU
		{1AD9020C-146B-42D1-8BBB-C35A979E0188}.Release|Any CPU.Build.0 = Release|Any CPU
		{BC9BF8A2-E754-48B5-915A-804DAEBBDA21}.Debug|Any CPU.ActiveCfg = Debug|Any CPU
		{BC9BF8A2-E754-48B5-915A-804DAEBBDA21}.Debug|Any CPU.Build.0 = Debug|Any CPU
		{BC9BF8A2-E754-48B5-915A-804DAEBBDA21}.Release|Any CPU.ActiveCfg = Release|Any CPU
		{BC9BF8A2-E754-48B5-915A-804DAEBBDA21}.Release|Any CPU.Build.0 = Release|Any CPU
		{590B707D-5304-4C46-ABFC-E85CBFBF552C}.Debug|Any CPU.ActiveCfg = Debug|Any CPU
		{590B707D-5304-4C46-ABFC-E85CBFBF552C}.Debug|Any CPU.Build.0 = Debug|Any CPU
		{590B707D-5304-4C46-ABFC-E85CBFBF552C}.Release|Any CPU.ActiveCfg = Release|Any CPU
		{590B707D-5304-4C46-ABFC-E85CBFBF552C}.Release|Any CPU.Build.0 = Release|Any CPU
		{A3189452-D34D-4636-B0D9-129A8A9510DC}.Debug|Any CPU.ActiveCfg = Debug|Any CPU
		{A3189452-D34D-4636-B0D9-129A8A9510DC}.Debug|Any CPU.Build.0 = Debug|Any CPU
		{A3189452-D34D-4636-B0D9-129A8A9510DC}.Release|Any CPU.ActiveCfg = Release|Any CPU
		{A3189452-D34D-4636-B0D9-129A8A9510DC}.Release|Any CPU.Build.0 = Release|Any CPU
		{CAB3DE00-F34A-487A-83BB-A2365FEFF04A}.Debug|Any CPU.ActiveCfg = Debug|Any CPU
		{CAB3DE00-F34A-487A-83BB-A2365FEFF04A}.Debug|Any CPU.Build.0 = Debug|Any CPU
		{CAB3DE00-F34A-487A-83BB-A2365FEFF04A}.Release|Any CPU.ActiveCfg = Release|Any CPU
		{CAB3DE00-F34A-487A-83BB-A2365FEFF04A}.Release|Any CPU.Build.0 = Release|Any CPU
		{A78AEBEF-3EFB-47DC-A34B-BF94EAD54924}.Debug|Any CPU.ActiveCfg = Debug|Any CPU
		{A78AEBEF-3EFB-47DC-A34B-BF94EAD54924}.Debug|Any CPU.Build.0 = Debug|Any CPU
		{A78AEBEF-3EFB-47DC-A34B-BF94EAD54924}.Release|Any CPU.ActiveCfg = Release|Any CPU
		{A78AEBEF-3EFB-47DC-A34B-BF94EAD54924}.Release|Any CPU.Build.0 = Release|Any CPU
	EndGlobalSection
	GlobalSection(SolutionProperties) = preSolution
		HideSolutionNode = FALSE
	EndGlobalSection
	GlobalSection(NestedProjects) = preSolution
		{348C416B-3CB1-4E3A-BE54-7D0CB00875DD} = {02EA681E-C7D8-13C7-8484-4AC65E1B71E8}
		{BE408E29-B5DA-41B9-9973-D440CCBEB95B} = {02EA681E-C7D8-13C7-8484-4AC65E1B71E8}
		{9A9FB48F-96A0-42AB-AF0C-E55CBCA7CFF2} = {02EA681E-C7D8-13C7-8484-4AC65E1B71E8}
		{72618827-D6EE-448E-BED0-A3C9C7EA74EA} = {FDCB6093-7BCF-4EA6-9996-A8897EDCB407}
		{41218FFA-5A6A-4008-A8F7-CC21AC64F321} = {FDCB6093-7BCF-4EA6-9996-A8897EDCB407}
		{A8849AD8-4AF6-41E5-B82E-A1C7CA852094} = {FDCB6093-7BCF-4EA6-9996-A8897EDCB407}
		{1AD9020C-146B-42D1-8BBB-C35A979E0188} = {6E34C128-885B-4A61-A7F6-87519DFA761B}
		{BC9BF8A2-E754-48B5-915A-804DAEBBDA21} = {6E34C128-885B-4A61-A7F6-87519DFA761B}
		{590B707D-5304-4C46-ABFC-E85CBFBF552C} = {6E34C128-885B-4A61-A7F6-87519DFA761B}
		{A3189452-D34D-4636-B0D9-129A8A9510DC} = {06EA58DF-8CED-45DC-81B9-7925A25959AC}
		{CAB3DE00-F34A-487A-83BB-A2365FEFF04A} = {06EA58DF-8CED-45DC-81B9-7925A25959AC}
		{A78AEBEF-3EFB-47DC-A34B-BF94EAD54924} = {06EA58DF-8CED-45DC-81B9-7925A25959AC}
	EndGlobalSection
	GlobalSection(ExtensibilityGlobals) = postSolution
		SolutionGuid = {CEDED30D-E7E4-4D06-92DC-8EFDAFD2A3D5}
	EndGlobalSection
EndGlobal
